
Microsoft Visual Studio Solution File, Format Version 12.00
# Visual Studio Version 17
VisualStudioVersion = 17.3.32819.101
MinimumVisualStudioVersion = 10.0.40219.1
Project("{FAE04EC0-301F-11D3-BF4B-00C04F79EFBC}") = "Whack a mole", "Whack a mole\Whack a mole.csproj", "{133F6F45-2023-4429-A830-F70660C1F939}"
EndProject
Global
	GlobalSection(SolutionConfigurationPlatforms) = preSolution
		Debug|Any CPU = Debug|Any CPU
		Release|Any CPU = Release|Any CPU
	EndGlobalSection
	GlobalSection(ProjectConfigurationPlatforms) = postSolution
		{133F6F45-2023-4429-A830-F70660C1F939}.Debug|Any CPU.ActiveCfg = Debug|Any CPU
		{133F6F45-2023-4429-A830-F70660C1F939}.Debug|Any CPU.Build.0 = Debug|Any CPU
		{133F6F45-2023-4429-A830-F70660C1F939}.Release|Any CPU.ActiveCfg = Release|Any CPU
		{133F6F45-2023-4429-A830-F70660C1F939}.Release|Any CPU.Build.0 = Release|Any CPU
	EndGlobalSection
	GlobalSection(SolutionProperties) = preSolution
		HideSolutionNode = FALSE
	EndGlobalSection
	GlobalSection(ExtensibilityGlobals) = postSolution
		SolutionGuid = {AC7538CC-EFC7-482C-87A4-D82D2E139CF7}
	EndGlobalSection
EndGlobal
